
Microsoft Visual Studio Solution File, Format Version 12.00
# Visual Studio 15
VisualStudioVersion = 15.0.28010.2048
MinimumVisualStudioVersion = 10.0.40219.1
Project("{FAE04EC0-301F-11D3-BF4B-00C04F79EFBC}") = "surfaceCircle", "surfaceCircle\surfaceCircle.csproj", "{1EA70935-2F04-45EE-80AD-6B9FDB17931C}"
EndProject
Global
	GlobalSection(SolutionConfigurationPlatforms) = preSolution
		Debug|Any CPU = Debug|Any CPU
		Release|Any CPU = Release|Any CPU
	EndGlobalSection
	GlobalSection(ProjectConfigurationPlatforms) = postSolution
		{1EA70935-2F04-45EE-80AD-6B9FDB17931C}.Debug|Any CPU.ActiveCfg = Debug|Any CPU
		{1EA70935-2F04-45EE-80AD-6B9FDB17931C}.Debug|Any CPU.Build.0 = Debug|Any CPU
		{1EA70935-2F04-45EE-80AD-6B9FDB17931C}.Release|Any CPU.ActiveCfg = Release|Any CPU
		{1EA70935-2F04-45EE-80AD-6B9FDB17931C}.Release|Any CPU.Build.0 = Release|Any CPU
	EndGlobalSection
	GlobalSection(SolutionProperties) = preSolution
		HideSolutionNode = FALSE
	EndGlobalSection
	GlobalSection(ExtensibilityGlobals) = postSolution
		SolutionGuid = {CE734B1F-3AB6-4657-868D-C7D8C6B9FB10}
	EndGlobalSection
EndGlobal
